
Microsoft Visual Studio Solution File, Format Version 12.00
# Visual Studio 15
Project("{FAE04EC0-301F-11D3-BF4B-00C04F79EFBC}") = "Assembly-CSharp", "Assembly-CSharp.csproj", "{380F936C-F3F6-6977-039A-BA73E8AB467C}"
EndProject
Project("{FAE04EC0-301F-11D3-BF4B-00C04F79EFBC}") = "Assembly-CSharp-Editor", "Assembly-CSharp-Editor.csproj", "{87066771-0AA2-7EEF-2CED-E885918DE923}"
EndProject
Global
	GlobalSection(SolutionConfigurationPlatforms) = preSolution
		Debug|Any CPU = Debug|Any CPU
		Release|Any CPU = Release|Any CPU
	EndGlobalSection
	GlobalSection(ProjectConfigurationPlatforms) = postSolution
		{380F936C-F3F6-6977-039A-BA73E8AB467C}.Debug|Any CPU.ActiveCfg = Debug|Any CPU
		{380F936C-F3F6-6977-039A-BA73E8AB467C}.Debug|Any CPU.Build.0 = Debug|Any CPU
		{380F936C-F3F6-6977-039A-BA73E8AB467C}.Release|Any CPU.ActiveCfg = Release|Any CPU
		{380F936C-F3F6-6977-039A-BA73E8AB467C}.Release|Any CPU.Build.0 = Release|Any CPU
		{87066771-0AA2-7EEF-2CED-E885918DE923}.Debug|Any CPU.ActiveCfg = Debug|Any CPU
		{87066771-0AA2-7EEF-2CED-E885918DE923}.Debug|Any CPU.Build.0 = Debug|Any CPU
		{87066771-0AA2-7EEF-2CED-E885918DE923}.Release|Any CPU.ActiveCfg = Release|Any CPU
		{87066771-0AA2-7EEF-2CED-E885918DE923}.Release|Any CPU.Build.0 = Release|Any CPU
	EndGlobalSection
	GlobalSection(SolutionProperties) = preSolution
		HideSolutionNode = FALSE
	EndGlobalSection
EndGlobal
